gitlab.utc.fr/lagruesy/ia04 v0.2.1 h1:66y2Iziwo2bWmL42LEEPcgBL7SHtIfWJujstmMXjgI0=
gitlab.utc.fr/lagruesy/ia04 v0.2.1/go.mod h1:C5yrbHcHhTHRq5bnmPafmdWr5SaN5HkiVl2k++pVC80=
gonum.org/v1/gonum v0.16.0 h1:5+ul4Swaf3ESvrOnidPp4GZbzf0mxVQpDCYUQE7OJfk=
gonum.org/v1/gonum v0.16.0/go.mod h1:fef3am4MQ93R2HHpKnLk4/Tbh/s0+wqD5nfa6Pnwy4E=
